
Microsoft Visual Studio Solution File, Format Version 10.00
# Visual Studio 2008
Project("{8BC9CEB8-8B4A-11D0-8D11-00A0C91BC942}") = "templates_practice", "templates_practice\templates_practice.vcproj", "{714E58F5-32C1-4456-85F2-510704D39970}"
EndProject
Global
	GlobalSection(SolutionConfigurationPlatforms) = preSolution
		Debug|Win32 = Debug|Win32
		Release|Win32 = Release|Win32
	EndGlobalSection
	GlobalSection(ProjectConfigurationPlatforms) = postSolution
		{714E58F5-32C1-4456-85F2-510704D39970}.Debug|Win32.ActiveCfg = Debug|Win32
		{714E58F5-32C1-4456-85F2-510704D39970}.Debug|Win32.Build.0 = Debug|Win32
		{714E58F5-32C1-4456-85F2-510704D39970}.Release|Win32.ActiveCfg = Release|Win32
		{714E58F5-32C1-4456-85F2-510704D39970}.Release|Win32.Build.0 = Release|Win32
	EndGlobalSection
	GlobalSection(SolutionProperties) = preSolution
		HideSolutionNode = FALSE
	EndGlobalSection
EndGlobal
